
Microsoft Visual Studio Solution File, Format Version 12.00
# Visual Studio 11
Project("{8BC9CEB8-8B4A-11D0-8D11-00A0C91BC942}") = "PurmMemory", "PurmMemory\PurmMemory.vcxproj", "{4F616A23-D25A-2F30-2916-AE0FAF068245}"
EndProject
Project("{8BC9CEB8-8B4A-11D0-8D11-00A0C91BC942}") = "PurmMemoryDemoApplication", "PurmMemoryDemoApplication\PurmMemoryDemoApplication.vcxproj", "{90D50BAF-65B3-D4F5-0F56-AAE1126B8412}"
EndProject
Global
	GlobalSection(SolutionConfigurationPlatforms) = preSolution
		Debug|Win32 = Debug|Win32
		Release|Win32 = Release|Win32
	EndGlobalSection
	GlobalSection(ProjectConfigurationPlatforms) = postSolution
		{4F616A23-D25A-2F30-2916-AE0FAF068245}.Debug|Win32.ActiveCfg = Debug|Win32
		{4F616A23-D25A-2F30-2916-AE0FAF068245}.Debug|Win32.Build.0 = Debug|Win32
		{4F616A23-D25A-2F30-2916-AE0FAF068245}.Release|Win32.ActiveCfg = Release|Win32
		{4F616A23-D25A-2F30-2916-AE0FAF068245}.Release|Win32.Build.0 = Release|Win32
		{90D50BAF-65B3-D4F5-0F56-AAE1126B8412}.Debug|Win32.ActiveCfg = Debug|Win32
		{90D50BAF-65B3-D4F5-0F56-AAE1126B8412}.Debug|Win32.Build.0 = Debug|Win32
		{90D50BAF-65B3-D4F5-0F56-AAE1126B8412}.Release|Win32.ActiveCfg = Release|Win32
		{90D50BAF-65B3-D4F5-0F56-AAE1126B8412}.Release|Win32.Build.0 = Release|Win32
	EndGlobalSection
	GlobalSection(SolutionProperties) = preSolution
		HideSolutionNode = FALSE
	EndGlobalSection
EndGlobal
